<?xml version="1.0" encoding="utf-8"?>
<Project ToolsVersion="4.0" xmlns="http://schemas.microsoft.com/developer/msbuild/2003">
  <ItemGroup>
    <Filter Include="Src">
      <UniqueIdentifier>{f9bc16b8-d6e7-4025-a596-5cba361ba913}</UniqueIdentifier>
    </Filter>
    <Filter Include="Include">
      <UniqueIdentifier>{e3e7d268-bf4d-4383-b0f9-f3109bda1603}</UniqueIdentifier>
    </Filter>
  </ItemGroup>
  <ItemGroup>
    <ClCompile Include="Src\ShaderParse.cpp">
      <Filter>Src</Filter>
    </ClCompile>
    <ClCompile Include="Src\Utils.cpp">
      <Filter>Src</Filter>
    </ClCompile>
    <ClCompile Include="Src\DXBC2GLSL.cpp">
      <Filter>Src</Filter>
    </ClCompile>
    <ClCompile Include="Src\DXBCParse.cpp">
      <Filter>Src</Filter>
    </ClCompile>
    <ClCompile Include="Src\GLSLGen.cpp">
      <Filter>Src</Filter>
    </ClCompile>
    <ClCompile Include="Src\ShaderDefs.cpp">
      <Filter>Src</Filter>
    </ClCompile>
    <ClCompile Include="Src\DXBC2GLSLCmd.cpp">
      <Filter>Src</Filter>
    </ClCompile>
  </ItemGroup>
  <ItemGroup>
    <ClInclude Include="..\Include\DXBC2GLSL\Shader.hpp">
      <Filter>Include</Filter>
    </ClInclude>
    <ClInclude Include="..\Include\DXBC2GLSL\ShaderDefs.hpp">
      <Filter>Include</Filter>
    </ClInclude>
    <ClInclude Include="..\Include\DXBC2GLSL\Utils.hpp">
      <Filter>Include</Filter>
    </ClInclude>
    <ClInclude Include="..\Include\DXBC2GLSL\DXBC.hpp">
      <Filter>Include</Filter>
    </ClInclude>
    <ClInclude Include="..\Include\DXBC2GLSL\DXBC2GLSL.hpp">
      <Filter>Include</Filter>
    </ClInclude>
    <ClInclude Include="..\Include\DXBC2GLSL\GLSLGen.hpp">
      <Filter>Include</Filter>
    </ClInclude>
  </ItemGroup>
</Project>